
Microsoft Visual Studio Solution File, Format Version 12.00
# Visual Studio Version 17
VisualStudioVersion = 17.7.34024.191
MinimumVisualStudioVersion = 10.0.40219.1
Project("{FAE04EC0-301F-11D3-BF4B-00C04F79EFBC}") = "lab15 metric1", "lab15 metric1\lab15 metric1.csproj", "{446DBA38-C08C-4A28-BE04-56CB80939F5F}"
EndProject
Project("{FAE04EC0-301F-11D3-BF4B-00C04F79EFBC}") = "lab16metric2", "lab16metric2\lab16metric2.csproj", "{175304B1-1AA3-41FB-8331-FD2A9F992A1F}"
EndProject
Project("{FAE04EC0-301F-11D3-BF4B-00C04F79EFBC}") = "lab17metric3", "lab17metric3\lab17metric3.csproj", "{8FDDE54A-A60E-4F89-B160-3084C9AA2364}"
EndProject
Global
	GlobalSection(SolutionConfigurationPlatforms) = preSolution
		Debug|Any CPU = Debug|Any CPU
		Release|Any CPU = Release|Any CPU
	EndGlobalSection
	GlobalSection(ProjectConfigurationPlatforms) = postSolution
		{446DBA38-C08C-4A28-BE04-56CB80939F5F}.Debug|Any CPU.ActiveCfg = Debug|Any CPU
		{446DBA38-C08C-4A28-BE04-56CB80939F5F}.Debug|Any CPU.Build.0 = Debug|Any CPU
		{446DBA38-C08C-4A28-BE04-56CB80939F5F}.Release|Any CPU.ActiveCfg = Release|Any CPU
		{446DBA38-C08C-4A28-BE04-56CB80939F5F}.Release|Any CPU.Build.0 = Release|Any CPU
		{175304B1-1AA3-41FB-8331-FD2A9F992A1F}.Debug|Any CPU.ActiveCfg = Debug|Any CPU
		{175304B1-1AA3-41FB-8331-FD2A9F992A1F}.Debug|Any CPU.Build.0 = Debug|Any CPU
		{175304B1-1AA3-41FB-8331-FD2A9F992A1F}.Release|Any CPU.ActiveCfg = Release|Any CPU
		{175304B1-1AA3-41FB-8331-FD2A9F992A1F}.Release|Any CPU.Build.0 = Release|Any CPU
		{8FDDE54A-A60E-4F89-B160-3084C9AA2364}.Debug|Any CPU.ActiveCfg = Debug|Any CPU
		{8FDDE54A-A60E-4F89-B160-3084C9AA2364}.Debug|Any CPU.Build.0 = Debug|Any CPU
		{8FDDE54A-A60E-4F89-B160-3084C9AA2364}.Release|Any CPU.ActiveCfg = Release|Any CPU
		{8FDDE54A-A60E-4F89-B160-3084C9AA2364}.Release|Any CPU.Build.0 = Release|Any CPU
	EndGlobalSection
	GlobalSection(SolutionProperties) = preSolution
		HideSolutionNode = FALSE
	EndGlobalSection
	GlobalSection(ExtensibilityGlobals) = postSolution
		SolutionGuid = {2389A4FD-CEE0-4342-8EDB-9CC7D57CD122}
	EndGlobalSection
EndGlobal
